
Microsoft Visual Studio Solution File, Format Version 12.00
Project("{FAE04EC0-301F-11D3-BF4B-00C04F79EFBC}") = "angulartutbe", "angulartutbe\angulartutbe.csproj", "{68A8047D-37DA-4FE3-BDD6-C1A97890839F}"
EndProject
Global
	GlobalSection(SolutionConfigurationPlatforms) = preSolution
		Debug|Any CPU = Debug|Any CPU
		Release|Any CPU = Release|Any CPU
	EndGlobalSection
	GlobalSection(ProjectConfigurationPlatforms) = postSolution
		{68A8047D-37DA-4FE3-BDD6-C1A97890839F}.Debug|Any CPU.ActiveCfg = Debug|Any CPU
		{68A8047D-37DA-4FE3-BDD6-C1A97890839F}.Debug|Any CPU.Build.0 = Debug|Any CPU
		{68A8047D-37DA-4FE3-BDD6-C1A97890839F}.Release|Any CPU.ActiveCfg = Release|Any CPU
		{68A8047D-37DA-4FE3-BDD6-C1A97890839F}.Release|Any CPU.Build.0 = Release|Any CPU
	EndGlobalSection
EndGlobal
